dependencies:
  espressif/mqtt:
    component_hash: ffdad5659706b4dc14bc63f8eb73ef765efa015bf7e9adf71c813d52a2dc9342
    dependencies:
    - name: idf
      require: private
      version: '>=5.3'
    source:
      registry_url: https://components.espressif.com/
      type: service
    version: 1.0.0
  idf:
    source:
      type: idf
    version: 6.0.2
direct_dependencies:
- espressif/mqtt
manifest_hash: 49d5c3bf82444ef5e3446fc6e15b2ee239815cd70bc4b26ee2411588f89e15bf
target: esp32c3
version: 3.0.0
